
Microsoft Visual Studio Solution File, Format Version 12.00
# Visual Studio Version 17
VisualStudioVersion = 17.2.32602.215
MinimumVisualStudioVersion = 10.0.40219.1
Project("{FAE04EC0-301F-11D3-BF4B-00C04F79EFBC}") = "ejercicio5", "ejercicio5\ejercicio5.csproj", "{46DAED35-E145-43CC-9946-0F7903E77EF4}"
EndProject
Global
	GlobalSection(SolutionConfigurationPlatforms) = preSolution
		Debug|Any CPU = Debug|Any CPU
		Release|Any CPU = Release|Any CPU
	EndGlobalSection
	GlobalSection(ProjectConfigurationPlatforms) = postSolution
		{46DAED35-E145-43CC-9946-0F7903E77EF4}.Debug|Any CPU.ActiveCfg = Debug|Any CPU
		{46DAED35-E145-43CC-9946-0F7903E77EF4}.Debug|Any CPU.Build.0 = Debug|Any CPU
		{46DAED35-E145-43CC-9946-0F7903E77EF4}.Release|Any CPU.ActiveCfg = Release|Any CPU
		{46DAED35-E145-43CC-9946-0F7903E77EF4}.Release|Any CPU.Build.0 = Release|Any CPU
	EndGlobalSection
	GlobalSection(SolutionProperties) = preSolution
		HideSolutionNode = FALSE
	EndGlobalSection
	GlobalSection(ExtensibilityGlobals) = postSolution
		SolutionGuid = {46036EB0-B3F4-4C99-AA50-1A68D1E5DB4D}
	EndGlobalSection
EndGlobal
