
Microsoft Visual Studio Solution File, Format Version 12.00
# Visual Studio Version 17
VisualStudioVersion = 17.2.32526.322
MinimumVisualStudioVersion = 10.0.40219.1
Project("{FAE04EC0-301F-11D3-BF4B-00C04F79EFBC}") = "EJERCICIO4", "EJERCICIO4\EJERCICIO4.csproj", "{506F3385-1FA3-4B89-9B5D-2F69AE70E312}"
EndProject
Global
	GlobalSection(SolutionConfigurationPlatforms) = preSolution
		Debug|Any CPU = Debug|Any CPU
		Release|Any CPU = Release|Any CPU
	EndGlobalSection
	GlobalSection(ProjectConfigurationPlatforms) = postSolution
		{506F3385-1FA3-4B89-9B5D-2F69AE70E312}.Debug|Any CPU.ActiveCfg = Debug|Any CPU
		{506F3385-1FA3-4B89-9B5D-2F69AE70E312}.Debug|Any CPU.Build.0 = Debug|Any CPU
		{506F3385-1FA3-4B89-9B5D-2F69AE70E312}.Release|Any CPU.ActiveCfg = Release|Any CPU
		{506F3385-1FA3-4B89-9B5D-2F69AE70E312}.Release|Any CPU.Build.0 = Release|Any CPU
	EndGlobalSection
	GlobalSection(SolutionProperties) = preSolution
		HideSolutionNode = FALSE
	EndGlobalSection
	GlobalSection(ExtensibilityGlobals) = postSolution
		SolutionGuid = {EBE48574-1DDA-48FD-AA83-0D8920B1F7FB}
	EndGlobalSection
EndGlobal
